
Microsoft Visual Studio Solution File, Format Version 11.00
# Visual Studio 2010
Project("{FAE04EC0-301F-11D3-BF4B-00C04F79EFBC}") = "CubeProject_part2 — копия", "Assembly-CSharp.csproj", "{28663290-B0E0-68C8-DBC6-BA7BC3CB0C4A}"
EndProject
Project("{FAE04EC0-301F-11D3-BF4B-00C04F79EFBC}") = "CubeProject_part2 — копия", "Assembly-CSharp-Editor.csproj", "{F30D0E6B-E760-4AE1-4E02-ADC261DC355E}"
EndProject
Global
	GlobalSection(SolutionConfigurationPlatforms) = preSolution
		Debug|Any CPU = Debug|Any CPU
		Release|Any CPU = Release|Any CPU
	EndGlobalSection
	GlobalSection(ProjectConfigurationPlatforms) = postSolution
		{28663290-B0E0-68C8-DBC6-BA7BC3CB0C4A}.Debug|Any CPU.ActiveCfg = Debug|Any CPU
		{28663290-B0E0-68C8-DBC6-BA7BC3CB0C4A}.Debug|Any CPU.Build.0 = Debug|Any CPU
		{28663290-B0E0-68C8-DBC6-BA7BC3CB0C4A}.Release|Any CPU.ActiveCfg = Release|Any CPU
		{28663290-B0E0-68C8-DBC6-BA7BC3CB0C4A}.Release|Any CPU.Build.0 = Release|Any CPU
		{F30D0E6B-E760-4AE1-4E02-ADC261DC355E}.Debug|Any CPU.ActiveCfg = Debug|Any CPU
		{F30D0E6B-E760-4AE1-4E02-ADC261DC355E}.Debug|Any CPU.Build.0 = Debug|Any CPU
		{F30D0E6B-E760-4AE1-4E02-ADC261DC355E}.Release|Any CPU.ActiveCfg = Release|Any CPU
		{F30D0E6B-E760-4AE1-4E02-ADC261DC355E}.Release|Any CPU.Build.0 = Release|Any CPU
	EndGlobalSection
	GlobalSection(SolutionProperties) = preSolution
		HideSolutionNode = FALSE
	EndGlobalSection
	GlobalSection(MonoDevelopProperties) = preSolution
		StartupItem = Assembly-CSharp.csproj
	EndGlobalSection
EndGlobal
