
Microsoft Visual Studio Solution File, Format Version 11.00
# Visual Studio 2010
Project("{FAE04EC0-301F-11D3-BF4B-00C04F79EFBC}") = "CubeProject", "Assembly-CSharp.csproj", "{FCE9897D-4E26-4EF9-B342-79C33C191333}"
EndProject
Project("{FAE04EC0-301F-11D3-BF4B-00C04F79EFBC}") = "CubeProject", "Assembly-CSharp-Editor.csproj", "{E0E4CF70-0410-08FA-C6EF-78029BF17DBA}"
EndProject
Global
	GlobalSection(SolutionConfigurationPlatforms) = preSolution
		Debug|Any CPU = Debug|Any CPU
		Release|Any CPU = Release|Any CPU
	EndGlobalSection
	GlobalSection(ProjectConfigurationPlatforms) = postSolution
		{FCE9897D-4E26-4EF9-B342-79C33C191333}.Debug|Any CPU.ActiveCfg = Debug|Any CPU
		{FCE9897D-4E26-4EF9-B342-79C33C191333}.Debug|Any CPU.Build.0 = Debug|Any CPU
		{FCE9897D-4E26-4EF9-B342-79C33C191333}.Release|Any CPU.ActiveCfg = Release|Any CPU
		{FCE9897D-4E26-4EF9-B342-79C33C191333}.Release|Any CPU.Build.0 = Release|Any CPU
		{E0E4CF70-0410-08FA-C6EF-78029BF17DBA}.Debug|Any CPU.ActiveCfg = Debug|Any CPU
		{E0E4CF70-0410-08FA-C6EF-78029BF17DBA}.Debug|Any CPU.Build.0 = Debug|Any CPU
		{E0E4CF70-0410-08FA-C6EF-78029BF17DBA}.Release|Any CPU.ActiveCfg = Release|Any CPU
		{E0E4CF70-0410-08FA-C6EF-78029BF17DBA}.Release|Any CPU.Build.0 = Release|Any CPU
	EndGlobalSection
	GlobalSection(SolutionProperties) = preSolution
		HideSolutionNode = FALSE
	EndGlobalSection
	GlobalSection(MonoDevelopProperties) = preSolution
		StartupItem = Assembly-CSharp.csproj
	EndGlobalSection
EndGlobal
